
Microsoft Visual Studio Solution File, Format Version 12.00
# Visual Studio Version 17
VisualStudioVersion = 17.1.32319.34
MinimumVisualStudioVersion = 10.0.40219.1
Project("{9A19103F-16F7-4668-BE54-9A1E7A4F7556}") = "FileSharing.API", "FileSharing.API\FileSharing.API.csproj", "{D5E09AB9-3295-4B2E-A34C-C25C5CAE9ECB}"
EndProject
Project("{9A19103F-16F7-4668-BE54-9A1E7A4F7556}") = "FleSharing.Core", "FleSharing.Core\FleSharing.Core.csproj", "{4A84D3AD-36A2-4FDC-A037-144BDF5B64EB}"
EndProject
Project("{9A19103F-16F7-4668-BE54-9A1E7A4F7556}") = "FileSharing.Infrastructure", "FileSharing.Infrastructure\FileSharing.Infrastructure.csproj", "{5BA35A37-ACF6-4B03-B67A-69808C6239C6}"
EndProject
Project("{9A19103F-16F7-4668-BE54-9A1E7A4F7556}") = "FileSharing.Common", "FileSharing.Common\FileSharing.Common.csproj", "{F3CAAF9D-A452-41F5-9FF5-C2B79699CE4B}"
EndProject
Project("{9A19103F-16F7-4668-BE54-9A1E7A4F7556}") = "FileSharing.App", "FileSharing.App\FileSharing.App.csproj", "{A1F06B5B-2B1B-4EA2-B717-1CDDF28D5F8B}"
EndProject
Global
	GlobalSection(SolutionConfigurationPlatforms) = preSolution
		Debug|Any CPU = Debug|Any CPU
		Release|Any CPU = Release|Any CPU
	EndGlobalSection
	GlobalSection(ProjectConfigurationPlatforms) = postSolution
		{D5E09AB9-3295-4B2E-A34C-C25C5CAE9ECB}.Debug|Any CPU.ActiveCfg = Debug|Any CPU
		{D5E09AB9-3295-4B2E-A34C-C25C5CAE9ECB}.Debug|Any CPU.Build.0 = Debug|Any CPU
		{D5E09AB9-3295-4B2E-A34C-C25C5CAE9ECB}.Release|Any CPU.ActiveCfg = Release|Any CPU
		{D5E09AB9-3295-4B2E-A34C-C25C5CAE9ECB}.Release|Any CPU.Build.0 = Release|Any CPU
		{4A84D3AD-36A2-4FDC-A037-144BDF5B64EB}.Debug|Any CPU.ActiveCfg = Debug|Any CPU
		{4A84D3AD-36A2-4FDC-A037-144BDF5B64EB}.Debug|Any CPU.Build.0 = Debug|Any CPU
		{4A84D3AD-36A2-4FDC-A037-144BDF5B64EB}.Release|Any CPU.ActiveCfg = Release|Any CPU
		{4A84D3AD-36A2-4FDC-A037-144BDF5B64EB}.Release|Any CPU.Build.0 = Release|Any CPU
		{5BA35A37-ACF6-4B03-B67A-69808C6239C6}.Debug|Any CPU.ActiveCfg = Debug|Any CPU
		{5BA35A37-ACF6-4B03-B67A-69808C6239C6}.Debug|Any CPU.Build.0 = Debug|Any CPU
		{5BA35A37-ACF6-4B03-B67A-69808C6239C6}.Release|Any CPU.ActiveCfg = Release|Any CPU
		{5BA35A37-ACF6-4B03-B67A-69808C6239C6}.Release|Any CPU.Build.0 = Release|Any CPU
		{F3CAAF9D-A452-41F5-9FF5-C2B79699CE4B}.Debug|Any CPU.ActiveCfg = Debug|Any CPU
		{F3CAAF9D-A452-41F5-9FF5-C2B79699CE4B}.Debug|Any CPU.Build.0 = Debug|Any CPU
		{F3CAAF9D-A452-41F5-9FF5-C2B79699CE4B}.Release|Any CPU.ActiveCfg = Release|Any CPU
		{F3CAAF9D-A452-41F5-9FF5-C2B79699CE4B}.Release|Any CPU.Build.0 = Release|Any CPU
		{A1F06B5B-2B1B-4EA2-B717-1CDDF28D5F8B}.Debug|Any CPU.ActiveCfg = Debug|Any CPU
		{A1F06B5B-2B1B-4EA2-B717-1CDDF28D5F8B}.Debug|Any CPU.Build.0 = Debug|Any CPU
		{A1F06B5B-2B1B-4EA2-B717-1CDDF28D5F8B}.Release|Any CPU.ActiveCfg = Release|Any CPU
		{A1F06B5B-2B1B-4EA2-B717-1CDDF28D5F8B}.Release|Any CPU.Build.0 = Release|Any CPU
	EndGlobalSection
	GlobalSection(SolutionProperties) = preSolution
		HideSolutionNode = FALSE
	EndGlobalSection
	GlobalSection(ExtensibilityGlobals) = postSolution
		SolutionGuid = {3E79DB2C-1A16-4C8C-9E58-5092CD666E94}
	EndGlobalSection
EndGlobal
